{
  "name": "jbl-workflow-miniapps",
  "lockfileVersion": 3,
  "requires": true,
  "packages": {
    "": {
      "name": "jbl-workflow-miniapps",
      "dependencies": {
        "ag-grid-community": "36.1.0"
      },
      "devDependencies": {
        "playwright": "1.62.1"
      },
      "engines": {
        "node": ">=20 <25"
      }
    },
    "node_modules/ag-charts-types": {
      "version": "14.1.0",
      "resolved": "https://registry.npmjs.org/ag-charts-types/-/ag-charts-types-14.1.0.tgz",
      "integrity": "sha512-mmzkng88c0l+Z9PvCMowMilhVeNgDU/iMuMemcOQD4BG/qO4vbkxWvyQO0iqju8Dx7YOY81PNzC/RmElQNiVkA==",
      "license": "MIT"
    },
    "node_modules/ag-grid-community": {
      "version": "36.1.0",
      "resolved": "https://registry.npmjs.org/ag-grid-community/-/ag-grid-community-36.1.0.tgz",
      "integrity": "sha512-WnvSQ4csRs8gv/b1B0lPHykQXvUJVgi2u5mpY0Aa6dv3pvhDVVqCT8dwUyOeCog4JNPptaXGrOrZ8qP2XoJzVA==",
      "license": "MIT",
      "dependencies": {
        "ag-charts-types": "14.1.0",
        "ag-stack": "36.1.0"
      }
    },
    "node_modules/ag-stack": {
      "version": "36.1.0",
      "resolved": "https://registry.npmjs.org/ag-stack/-/ag-stack-36.1.0.tgz",
      "integrity": "sha512-Kmkf5iRZmyduNx2KtW450j6GbCdJ4ejacSpb1AWl0yrdquRmScLRc1SlLolx6lyCbTBSJGo4tRraKbBzre+GlQ==",
      "license": "MIT"
    },
    "node_modules/fsevents": {
      "version": "2.3.2",
      "resolved": "https://registry.npmjs.org/fsevents/-/fsevents-2.3.2.tgz",
      "integrity": "sha512-xiqMQR4xAeHTuB9uWm+fFRcIOgKBMiOBP+eXiyT7jsgVCq1bkVygt00oASowB7EdtpOHaaPgKt812P9ab+DDKA==",
      "dev": true,
      "hasInstallScript": true,
      "license": "MIT",
      "optional": true,
      "os": [
        "darwin"
      ],
      "engines": {
        "node": "^8.16.0 || ^10.6.0 || >=11.0.0"
      }
    },
    "node_modules/playwright": {
      "version": "1.62.1",
      "resolved": "https://registry.npmjs.org/playwright/-/playwright-1.62.1.tgz",
      "integrity": "sha512-0M+L3LAD8/nm554LOla9Ayx0j0tmFZ0FBcoQ7F1VuVHpM/XpiC8RcDzBQB8W5+hA8L22THxELzeF+2WcUzvcLg==",
      "dev": true,
      "license": "Apache-2.0",
      "dependencies": {
        "playwright-core": "1.62.1"
      },
      "bin": {
        "playwright": "cli.js"
      },
      "engines": {
        "node": ">=20"
      },
      "optionalDependencies": {
        "fsevents": "2.3.2"
      }
    },
    "node_modules/playwright-core": {
      "version": "1.62.1",
      "resolved": "https://registry.npmjs.org/playwright-core/-/playwright-core-1.62.1.tgz",
      "integrity": "sha512-wPYSwEBJY9GHraISXqyqtx0na0LpO3XEX7jNDhntbex7tzUS7kLnZsOlFruFJB4Hi/rhDMjXGqHewDZ68nYZVw==",
      "dev": true,
      "license": "Apache-2.0",
      "bin": {
        "playwright-core": "cli.js"
      },
      "engines": {
        "node": ">=20"
      }
    }
  }
}
